// !$*UTF8*$!
{
	archiveVersion = 1;
	classes = {
	};
	objectVersion = 56;
	objects = {

/* Begin PBXBuildFile section */
		FA8E953E29CD0D09001463F9 /* istockphoto-1254540631-612x612.jpeg in Resources */ = {isa = PBXBuildFile; fileRef = FA8E953D29CD0D09001463F9 /* istockphoto-1254540631-612x612.jpeg */; };
		FAE7359B29C251AE007379F3 /* AppDelegate.swift in Sources */ = {isa = PBXBuildFile; fileRef = FAE7359A29C251AE007379F3 /* AppDelegate.swift */; };
		FAE7359D29C251AE007379F3 /* SceneDelegate.swift in Sources */ = {isa = PBXBuildFile; fileRef = FAE7359C29C251AE007379F3 /* SceneDelegate.swift */; };
		FAE7359F29C251AE007379F3 /* ViewController.swift in Sources */ = {isa = PBXBuildFile; fileRef = FAE7359E29C251AE007379F3 /* ViewController.swift */; };
		FAE735A229C251AE007379F3 /* Main.storyboard in Resources */ = {isa = PBXBuildFile; fileRef = FAE735A029C251AE007379F3 /* Main.storyboard */; };
		FAE735A529C251AE007379F3 /* TheHangmanGame.xcdatamodeld in Sources */ = {isa = PBXBuildFile; fileRef = FAE735A329C251AE007379F3 /* TheHangmanGame.xcdatamodeld */; };
		FAE735A729C251B0007379F3 /* Assets.xcassets in Resources */ = {isa = PBXBuildFile; fileRef = FAE735A629C251B0007379F3 /* Assets.xcassets */; };
		FAE735AA29C251B0007379F3 /* LaunchScreen.storyboard in Resources */ = {isa = PBXBuildFile; fileRef = FAE735A829C251B0007379F3 /* LaunchScreen.storyboard */; };
/* End PBXBuildFile section */

/* Begin PBXFileReference section */
		FA8E953D29CD0D09001463F9 /* istockphoto-1254540631-612x612.jpeg */ = {isa = PBXFileReference; lastKnownFileType = image.jpeg; name = "istockphoto-1254540631-612x612.jpeg"; path = "Images/istockphoto-1254540631-612x612.jpeg"; sourceTree = SOURCE_ROOT; };
		FAE7359729C251AE007379F3 /* TheHangmanGame.app */ = {isa = PBXFileReference; explicitFileType = wrapper.application; includeInIndex = 0; path = TheHangmanGame.app; sourceTree = BUILT_PRODUCTS_DIR; };
		FAE7359A29C251AE007379F3 /* AppDelegate.swift */ = {isa = PBXFileReference; lastKnownFileType = sourcecode.swift; path = AppDelegate.swift; sourceTree = "<group>"; };
		FAE7359C29C251AE007379F3 /* SceneDelegate.swift */ = {isa = PBXFileReference; lastKnownFileType = sourcecode.swift; path = SceneDelegate.swift; sourceTree = "<group>"; };
		FAE7359E29C251AE007379F3 /* ViewController.swift */ = {isa = PBXFileReference; lastKnownFileType = sourcecode.swift; path = ViewController.swift; sourceTree = "<group>"; };
		FAE735A129C251AE007379F3 /* Base */ = {isa = PBXFileReference; lastKnownFileType = file.storyboard; name = Base; path = Base.lproj/Main.storyboard; sourceTree = "<group>"; };
		FAE735A429C251AE007379F3 /* TheHangmanGame.xcdatamodel */ = {isa = PBXFileReference; lastKnownFileType = wrapper.xcdatamodel; path = TheHangmanGame.xcdatamodel; sourceTree = "<group>"; };
		FAE735A629C251B0007379F3 /* Assets.xcassets */ = {isa = PBXFileReference; lastKnownFileType = folder.assetcatalog; path = Assets.xcassets; sourceTree = "<group>"; };
		FAE735A929C251B0007379F3 /* Base */ = {isa = PBXFileReference; lastKnownFileType = file.storyboard; name = Base; path = Base.lproj/LaunchScreen.storyboard; sourceTree = "<group>"; };
		FAE735AB29C251B0007379F3 /* Info.plist */ = {isa = PBXFileReference; lastKnownFileType = text.plist.xml; path = Info.plist; sourceTree = "<group>"; };
/* End PBXFileReference section */

/* Begin PBXFrameworksBuildPhase section */
		FAE7359429C251AE007379F3 /* Frameworks */ = {
			isa = PBXFrameworksBuildPhase;
			buildActionMask = 2147483647;
			files = (
			);
			runOnlyForDeploymentPostprocessing = 0;
		};
/* End PBXFrameworksBuildPhase section */

/* Begin PBXGroup section */
		FAE7358E29C251AE007379F3 = {
			isa = PBXGroup;
			children = (
				FAE7359929C251AE007379F3 /* TheHangmanGame */,
				FAE7359829C251AE007379F3 /* Products */,
			);
			sourceTree = "<group>";
		};
		FAE7359829C251AE007379F3 /* Products */ = {
			isa = PBXGroup;
			children = (
				FAE7359729C251AE007379F3 /* TheHangmanGame.app */,
			);
			name = Products;
			sourceTree = "<group>";
		};
		FAE7359929C251AE007379F3 /* TheHangmanGame */ = {
			isa = PBXGroup;
			children = (
				FAE7359A29C251AE007379F3 /* AppDelegate.swift */,
				FAE7359C29C251AE007379F3 /* SceneDelegate.swift */,
				FAE7359E29C251AE007379F3 /* ViewController.swift */,
				FAE735A029C251AE007379F3 /* Main.storyboard */,
				FAE735A629C251B0007379F3 /* Assets.xcassets */,
				FAE735A829C251B0007379F3 /* LaunchScreen.storyboard */,
				FAE735AB29C251B0007379F3 /* Info.plist */,
				FA8E953D29CD0D09001463F9 /* istockphoto-1254540631-612x612.jpeg */,
				FAE735A329C251AE007379F3 /* TheHangmanGame.xcdatamodeld */,
			);
			path = TheHangmanGame;
			sourceTree = "<group>";
		};
/* End PBXGroup section */

/* Begin PBXNativeTarget section */
		FAE7359629C251AE007379F3 /* TheHangmanGame */ = {
			isa = PBXNativeTarget;
			buildConfigurationList = FAE735AE29C251B0007379F3 /* Build configuration list for PBXNativeTarget "TheHangmanGame" */;
			buildPhases = (
				FAE7359329C251AE007379F3 /* Sources */,
				FAE7359429C251AE007379F3 /* Frameworks */,
				FAE7359529C251AE007379F3 /* Resources */,
			);
			buildRules = (
			);
			dependencies = (
			);
			name = TheHangmanGame;
			productName = TheHangmanGame;
			productReference = FAE7359729C251AE007379F3 /* TheHangmanGame.app */;
			productType = "com.apple.product-type.application";
		};
/* End PBXNativeTarget section */

/* Begin PBXProject section */
		FAE7358F29C251AE007379F3 /* Project object */ = {
			isa = PBXProject;
			attributes = {
				BuildIndependentTargetsInParallel = 1;
				LastSwiftUpdateCheck = 1420;
				LastUpgradeCheck = 1420;
				TargetAttributes = {
					FAE7359629C251AE007379F3 = {
						CreatedOnToolsVersion = 14.2;
					};
				};
			};
			buildConfigurationList = FAE7359229C251AE007379F3 /* Build configuration list for PBXProject "TheHangmanGame" */;
			compatibilityVersion = "Xcode 14.0";
			developmentRegion = en;
			hasScannedForEncodings = 0;
			knownRegions = (
				en,
				Base,
			);
			mainGroup = FAE7358E29C251AE007379F3;
			productRefGroup = FAE7359829C251AE007379F3 /* Products */;
			projectDirPath = "";
			projectRoot = "";
			targets = (
				FAE7359629C251AE007379F3 /* TheHangmanGame */,
			);
		};
/* End PBXProject section */

/* Begin PBXResourcesBuildPhase section */
		FAE7359529C251AE007379F3 /* Resources */ = {
			isa = PBXResourcesBuildPhase;
			buildActionMask = 2147483647;
			files = (
				FAE735AA29C251B0007379F3 /* LaunchScreen.storyboard in Resources */,
				FA8E953E29CD0D09001463F9 /* istockphoto-1254540631-612x612.jpeg in Resources */,
				FAE735A729C251B0007379F3 /* Assets.xcassets in Resources */,
				FAE735A229C251AE007379F3 /* Main.storyboard in Resources */,
			);
			runOnlyForDeploymentPostprocessing = 0;
		};
/* End PBXResourcesBuildPhase section */

/* Begin PBXSourcesBuildPhase section */
		FAE7359329C251AE007379F3 /* Sources */ = {
			isa = PBXSourcesBuildPhase;
			buildActionMask = 2147483647;
			files = (
				FAE735A529C251AE007379F3 /* TheHangmanGame.xcdatamodeld in Sources */,
				FAE7359F29C251AE007379F3 /* ViewController.swift in Sources */,
				FAE7359B29C251AE007379F3 /* AppDelegate.swift in Sources */,
				FAE7359D29C251AE007379F3 /* SceneDelegate.swift in Sources */,
			);
			runOnlyForDeploymentPostprocessing = 0;
		};
/* End PBXSourcesBuildPhase section */

/* Begin PBXVariantGroup section */
		FAE735A029C251AE007379F3 /* Main.storyboard */ = {
			isa = PBXVariantGroup;
			children = (
				FAE735A129C251AE007379F3 /* Base */,
			);
			name = Main.storyboard;
			sourceTree = "<group>";
		};
		FAE735A829C251B0007379F3 /* LaunchScreen.storyboard */ = {
			isa = PBXVariantGroup;
			children = (
				FAE735A929C251B0007379F3 /* Base */,
			);
			name = LaunchScreen.storyboard;
			sourceTree = "<group>";
		};
/* End PBXVariantGroup section */

/* Begin XCBuildConfiguration section */
		FAE735AC29C251B0007379F3 /* Debug */ = {
			isa = XCBuildConfiguration;
			buildSettings = {
				ALWAYS_SEARCH_USER_PATHS = NO;
				CLANG_ANALYZER_NONNULL = YES;
				CLANG_ANALYZER_NUMBER_OBJECT_CONVERSION = YES_AGGRESSIVE;
				CLANG_CXX_LANGUAGE_STANDARD = "gnu++20";
				CLANG_ENABLE_MODULES = YES;
				CLANG_ENABLE_OBJC_ARC = YES;
				CLANG_ENABLE_OBJC_WEAK = YES;
				CLANG_WARN_BLOCK_CAPTURE_AUTORELEASING = YES;
				CLANG_WARN_BOOL_CONVERSION = YES;
				CLANG_WARN_COMMA = YES;
				CLANG_WARN_CONSTANT_CONVERSION = YES;
				CLANG_WARN_DEPRECATED_OBJC_IMPLEMENTATIONS = YES;
				CLANG_WARN_DIRECT_OBJC_ISA_USAGE = YES_ERROR;
				CLANG_WARN_DOCUMENTATION_COMMENTS = YES;
				CLANG_WARN_EMPTY_BODY = YES;
				CLANG_WARN_ENUM_CONVERSION = YES;
				CLANG_WARN_INFINITE_RECURSION = YES;
				CLANG_WARN_INT_CONVERSION = YES;
				CLANG_WARN_NON_LITERAL_NULL_CONVERSION = YES;
				CLANG_WARN_OBJC_IMPLICIT_RETAIN_SELF = YES;
				CLANG_WARN_OBJC_LITERAL_CONVERSION = YES;
				CLANG_WARN_OBJC_ROOT_CLASS = YES_ERROR;
				CLANG_WARN_QUOTED_INCLUDE_IN_FRAMEWORK_HEADER = YES;
				CLANG_WARN_RANGE_LOOP_ANALYSIS = YES;
				CLANG_WARN_STRICT_PROTOTYPES = YES;
				CLANG_WARN_SUSPICIOUS_MOVE = YES;
				CLANG_WARN_UNGUARDED_AVAILABILITY = YES_AGGRESSIVE;
				CLANG_WARN_UNREACHABLE_CODE = YES;
				CLANG_WARN__DUPLICATE_METHOD_MATCH = YES;
				COPY_PHASE_STRIP = NO;
				DEBUG_INFORMATION_FORMAT = dwarf;
				ENABLE_STRICT_OBJC_MSGSEND = YES;
				ENABLE_TESTABILITY = YES;
				GCC_C_LANGUAGE_STANDARD = gnu11;
				GCC_DYNAMIC_NO_PIC = NO;
				GCC_NO_COMMON_BLOCKS = YES;
				GCC_OPTIMIZATION_LEVEL = 0;
				GCC_PREPROCESSOR_DEFINITIONS = (
					"DEBUG=1",
					"$(inherited)",
				);
				GCC_WARN_64_TO_32_BIT_CONVERSION = YES;
				GCC_WARN_ABOUT_RETURN_TYPE = YES_ERROR;
				GCC_WARN_UNDECLARED_SELECTOR = YES;
				GCC_WARN_UNINITIALIZED_AUTOS = YES_AGGRESSIVE;
				GCC_WARN_UNUSED_FUNCTION = YES;
				GCC_WARN_UNUSED_VARIABLE = YES;
				IPHONEOS_DEPLOYMENT_TARGET = 16.2;
				MTL_ENABLE_DEBUG_INFO = INCLUDE_SOURCE;
				MTL_FAST_MATH = YES;
				ONLY_ACTIVE_ARCH = YES;
				SDKROOT = iphoneos;
				SWIFT_ACTIVE_COMPILATION_CONDITIONS = DEBUG;
				SWIFT_OPTIMIZATION_LEVEL = "-Onone";
			};
			name = Debug;
		};
		FAE735AD29C251B0007379F3 /* Release */ = {
			isa = XCBuildConfiguration;
			buildSettings = {
				ALWAYS_SEARCH_USER_PATHS = NO;
				CLANG_ANALYZER_NONNULL = YES;
				CLANG_ANALYZER_NUMBER_OBJECT_CONVERSION = YES_AGGRESSIVE;
				CLANG_CXX_LANGUAGE_STANDARD = "gnu++20";
				CLANG_ENABLE_MODULES = YES;
				CLANG_ENABLE_OBJC_ARC = YES;
				CLANG_ENABLE_OBJC_WEAK = YES;
				CLANG_WARN_BLOCK_CAPTURE_AUTORELEASING = YES;
				CLANG_WARN_BOOL_CONVERSION = YES;
				CLANG_WARN_COMMA = YES;
				CLANG_WARN_CONSTANT_CONVERSION = YES;
				CLANG_WARN_DEPRECATED_OBJC_IMPLEMENTATIONS = YES;
				CLANG_WARN_DIRECT_OBJC_ISA_USAGE = YES_ERROR;
				CLANG_WARN_DOCUMENTATION_COMMENTS = YES;
				CLANG_WARN_EMPTY_BODY = YES;
				CLANG_WARN_ENUM_CONVERSION = YES;
				CLANG_WARN_INFINITE_RECURSION = YES;
				CLANG_WARN_INT_CONVERSION = YES;
				CLANG_WARN_NON_LITERAL_NULL_CONVERSION = YES;
				CLANG_WARN_OBJC_IMPLICIT_RETAIN_SELF = YES;
				CLANG_WARN_OBJC_LITERAL_CONVERSION = YES;
				CLANG_WARN_OBJC_ROOT_CLASS = YES_ERROR;
				CLANG_WARN_QUOTED_INCLUDE_IN_FRAMEWORK_HEADER = YES;
				CLANG_WARN_RANGE_LOOP_ANALYSIS = YES;
				CLANG_WARN_STRICT_PROTOTYPES = YES;
				CLANG_WARN_SUSPICIOUS_MOVE = YES;
				CLANG_WARN_UNGUARDED_AVAILABILITY = YES_AGGRESSIVE;
				CLANG_WARN_UNREACHABLE_CODE = YES;
				CLANG_WARN__DUPLICATE_METHOD_MATCH = YES;
				COPY_PHASE_STRIP = NO;
				DEBUG_INFORMATION_FORMAT = "dwarf-with-dsym";
				ENABLE_NS_ASSERTIONS = NO;
				ENABLE_STRICT_OBJC_MSGSEND = YES;
				GCC_C_LANGUAGE_STANDARD = gnu11;
				GCC_NO_COMMON_BLOCKS = YES;
				GCC_WARN_64_TO_32_BIT_CONVERSION = YES;
				GCC_WARN_ABOUT_RETURN_TYPE = YES_ERROR;
				GCC_WARN_UNDECLARED_SELECTOR = YES;
				GCC_WARN_UNINITIALIZED_AUTOS = YES_AGGRESSIVE;
				GCC_WARN_UNUSED_FUNCTION = YES;
				GCC_WARN_UNUSED_VARIABLE = YES;
				IPHONEOS_DEPLOYMENT_TARGET = 16.2;
				MTL_ENABLE_DEBUG_INFO = NO;
				MTL_FAST_MATH = YES;
				SDKROOT = iphoneos;
				SWIFT_COMPILATION_MODE = wholemodule;
				SWIFT_OPTIMIZATION_LEVEL = "-O";
				VALIDATE_PRODUCT = YES;
			};
			name = Release;
		};
		FAE735AF29C251B0007379F3 /* Debug */ = {
			isa = XCBuildConfiguration;
			buildSettings = {
				ASSETCATALOG_COMPILER_APPICON_NAME = AppIcon;
				ASSETCATALOG_COMPILER_GLOBAL_ACCENT_COLOR_NAME = AccentColor;
				CODE_SIGN_STYLE = Automatic;
				CURRENT_PROJECT_VERSION = 1;
				DEVELOPMENT_TEAM = P5KDU94YDX;
				GENERATE_INFOPLIST_FILE = YES;
				INFOPLIST_FILE = TheHangmanGame/Info.plist;
				INFOPLIST_KEY_UIApplicationSupportsIndirectInputEvents = YES;
				INFOPLIST_KEY_UILaunchStoryboardName = LaunchScreen;
				INFOPLIST_KEY_UIMainStoryboardFile = Main;
				INFOPLIST_KEY_UISupportedInterfaceOrientations_iPad = "UIInterfaceOrientationPortrait UIInterfaceOrientationPortraitUpsideDown UIInterfaceOrientationLandscapeLeft UIInterfaceOrientationLandscapeRight";
				INFOPLIST_KEY_UISupportedInterfaceOrientations_iPhone = "UIInterfaceOrientationPortrait UIInterfaceOrientationLandscapeLeft UIInterfaceOrientationLandscapeRight";
				LD_RUNPATH_SEARCH_PATHS = (
					"$(inherited)",
					"@executable_path/Frameworks",
				);
				MARKETING_VERSION = 1.0;
				PRODUCT_BUNDLE_IDENTIFIER = com.zoren.TheHangmanGame;
				PRODUCT_NAME = "$(TARGET_NAME)";
				SWIFT_EMIT_LOC_STRINGS = YES;
				SWIFT_VERSION = 5.0;
				TARGETED_DEVICE_FAMILY = "1,2";
			};
			name = Debug;
		};
		FAE735B029C251B0007379F3 /* Release */ = {
			isa = XCBuildConfiguration;
			buildSettings = {
				ASSETCATALOG_COMPILER_APPICON_NAME = AppIcon;
				ASSETCATALOG_COMPILER_GLOBAL_ACCENT_COLOR_NAME = AccentColor;
				CODE_SIGN_STYLE = Automatic;
				CURRENT_PROJECT_VERSION = 1;
				DEVELOPMENT_TEAM = P5KDU94YDX;
				GENERATE_INFOPLIST_FILE = YES;
				INFOPLIST_FILE = TheHangmanGame/Info.plist;
				INFOPLIST_KEY_UIApplicationSupportsIndirectInputEvents = YES;
				INFOPLIST_KEY_UILaunchStoryboardName = LaunchScreen;
				INFOPLIST_KEY_UIMainStoryboardFile = Main;
				INFOPLIST_KEY_UISupportedInterfaceOrientations_iPad = "UIInterfaceOrientationPortrait UIInterfaceOrientationPortraitUpsideDown UIInterfaceOrientationLandscapeLeft UIInterfaceOrientationLandscapeRight";
				INFOPLIST_KEY_UISupportedInterfaceOrientations_iPhone = "UIInterfaceOrientationPortrait UIInterfaceOrientationLandscapeLeft UIInterfaceOrientationLandscapeRight";
				LD_RUNPATH_SEARCH_PATHS = (
					"$(inherited)",
					"@executable_path/Frameworks",
				);
				MARKETING_VERSION = 1.0;
				PRODUCT_BUNDLE_IDENTIFIER = com.zoren.TheHangmanGame;
				PRODUCT_NAME = "$(TARGET_NAME)";
				SWIFT_EMIT_LOC_STRINGS = YES;
				SWIFT_VERSION = 5.0;
				TARGETED_DEVICE_FAMILY = "1,2";
			};
			name = Release;
		};
/* End XCBuildConfiguration section */

/* Begin XCConfigurationList section */
		FAE7359229C251AE007379F3 /* Build configuration list for PBXProject "TheHangmanGame" */ = {
			isa = XCConfigurationList;
			buildConfigurations = (
				FAE735AC29C251B0007379F3 /* Debug */,
				FAE735AD29C251B0007379F3 /* Release */,
			);
			defaultConfigurationIsVisible = 0;
			defaultConfigurationName = Release;
		};
		FAE735AE29C251B0007379F3 /* Build configuration list for PBXNativeTarget "TheHangmanGame" */ = {
			isa = XCConfigurationList;
			buildConfigurations = (
				FAE735AF29C251B0007379F3 /* Debug */,
				FAE735B029C251B0007379F3 /* Release */,
			);
			defaultConfigurationIsVisible = 0;
			defaultConfigurationName = Release;
		};
/* End XCConfigurationList section */

/* Begin XCVersionGroup section */
		FAE735A329C251AE007379F3 /* TheHangmanGame.xcdatamodeld */ = {
			isa = XCVersionGroup;
			children = (
				FAE735A429C251AE007379F3 /* TheHangmanGame.xcdatamodel */,
			);
			currentVersion = FAE735A429C251AE007379F3 /* TheHangmanGame.xcdatamodel */;
			path = TheHangmanGame.xcdatamodeld;
			sourceTree = "<group>";
			versionGroupType = wrapper.xcdatamodel;
		};
/* End XCVersionGroup section */
	};
	rootObject = FAE7358F29C251AE007379F3 /* Project object */;
}
